
Microsoft Visual Studio Solution File, Format Version 12.00
# Visual Studio Version 16
VisualStudioVersion = 16.0.30011.22
MinimumVisualStudioVersion = 10.0.40219.1
Project("{FAE04EC0-301F-11D3-BF4B-00C04F79EFBC}") = "InfectionRiskAssessment", "InfectionRiskAssessment\InfectionRiskAssessment.csproj", "{DB4EE41B-25B7-4887-A041-99E6EF329339}"
EndProject
Global
	GlobalSection(SolutionConfigurationPlatforms) = preSolution
		Debug|Any CPU = Debug|Any CPU
		Release|Any CPU = Release|Any CPU
	EndGlobalSection
	GlobalSection(ProjectConfigurationPlatforms) = postSolution
		{DB4EE41B-25B7-4887-A041-99E6EF329339}.Debug|Any CPU.ActiveCfg = Debug|Any CPU
		{DB4EE41B-25B7-4887-A041-99E6EF329339}.Debug|Any CPU.Build.0 = Debug|Any CPU
		{DB4EE41B-25B7-4887-A041-99E6EF329339}.Release|Any CPU.ActiveCfg = Release|Any CPU
		{DB4EE41B-25B7-4887-A041-99E6EF329339}.Release|Any CPU.Build.0 = Release|Any CPU
	EndGlobalSection
	GlobalSection(SolutionProperties) = preSolution
		HideSolutionNode = FALSE
	EndGlobalSection
	GlobalSection(ExtensibilityGlobals) = postSolution
		SolutionGuid = {28D99836-9980-4301-9EEE-31F377DD5BDB}
	EndGlobalSection
EndGlobal
